
Microsoft Visual Studio Solution File, Format Version 12.00
# Visual Studio Version 17
VisualStudioVersion = 17.2.32519.379
MinimumVisualStudioVersion = 10.0.40219.1
Project("{9A19103F-16F7-4668-BE54-9A1E7A4F7556}") = "SD-340-W22SD-Final-Project-Refactor", "main-n-tier-refactor\SD-340-W22SD-Final-Project-Refactor.csproj", "{B9F025D5-6322-402D-ABC7-E1FE7F587EE9}"
EndProject
Project("{FAE04EC0-301F-11D3-BF4B-00C04F79EFBC}") = "RefactorUnitTesting", "refactor-unit-testing\RefactorUnitTesting.csproj", "{3C03D909-55B9-4B68-BAF4-D31158CAA054}"
EndProject
Global
	GlobalSection(SolutionConfigurationPlatforms) = preSolution
		Debug|Any CPU = Debug|Any CPU
		Release|Any CPU = Release|Any CPU
	EndGlobalSection
	GlobalSection(ProjectConfigurationPlatforms) = postSolution
		{B9F025D5-6322-402D-ABC7-E1FE7F587EE9}.Debug|Any CPU.ActiveCfg = Debug|Any CPU
		{B9F025D5-6322-402D-ABC7-E1FE7F587EE9}.Debug|Any CPU.Build.0 = Debug|Any CPU
		{B9F025D5-6322-402D-ABC7-E1FE7F587EE9}.Release|Any CPU.ActiveCfg = Release|Any CPU
		{B9F025D5-6322-402D-ABC7-E1FE7F587EE9}.Release|Any CPU.Build.0 = Release|Any CPU
		{3C03D909-55B9-4B68-BAF4-D31158CAA054}.Debug|Any CPU.ActiveCfg = Debug|Any CPU
		{3C03D909-55B9-4B68-BAF4-D31158CAA054}.Debug|Any CPU.Build.0 = Debug|Any CPU
		{3C03D909-55B9-4B68-BAF4-D31158CAA054}.Release|Any CPU.ActiveCfg = Release|Any CPU
		{3C03D909-55B9-4B68-BAF4-D31158CAA054}.Release|Any CPU.Build.0 = Release|Any CPU
	EndGlobalSection
	GlobalSection(SolutionProperties) = preSolution
		HideSolutionNode = FALSE
	EndGlobalSection
	GlobalSection(ExtensibilityGlobals) = postSolution
		SolutionGuid = {2AEDF569-C8E6-4761-931C-F6EA4C093418}
	EndGlobalSection
EndGlobal
